
Microsoft Visual Studio Solution File, Format Version 12.00
# Visual Studio Version 16
VisualStudioVersion = 16.0.31313.79
MinimumVisualStudioVersion = 10.0.40219.1
Project("{FAE04EC0-301F-11D3-BF4B-00C04F79EFBC}") = "Metodos y Arrays - C2 Ej19", "Metodos y Arrays - C2 Ej19\Metodos y Arrays - C2 Ej19.csproj", "{9DC07096-C78D-4ED1-8735-3349046F0D67}"
EndProject
Global
	GlobalSection(SolutionConfigurationPlatforms) = preSolution
		Debug|Any CPU = Debug|Any CPU
		Release|Any CPU = Release|Any CPU
	EndGlobalSection
	GlobalSection(ProjectConfigurationPlatforms) = postSolution
		{9DC07096-C78D-4ED1-8735-3349046F0D67}.Debug|Any CPU.ActiveCfg = Debug|Any CPU
		{9DC07096-C78D-4ED1-8735-3349046F0D67}.Debug|Any CPU.Build.0 = Debug|Any CPU
		{9DC07096-C78D-4ED1-8735-3349046F0D67}.Release|Any CPU.ActiveCfg = Release|Any CPU
		{9DC07096-C78D-4ED1-8735-3349046F0D67}.Release|Any CPU.Build.0 = Release|Any CPU
	EndGlobalSection
	GlobalSection(SolutionProperties) = preSolution
		HideSolutionNode = FALSE
	EndGlobalSection
	GlobalSection(ExtensibilityGlobals) = postSolution
		SolutionGuid = {4257A5FC-8566-4BE8-A73C-2177411D9CAE}
	EndGlobalSection
EndGlobal
